
Microsoft Visual Studio Solution File, Format Version 12.00
# Visual Studio 2013
VisualStudioVersion = 12.0.31101.0
MinimumVisualStudioVersion = 10.0.40219.1
Project("{FAE04EC0-301F-11D3-BF4B-00C04F79EFBC}") = "ToDo.DAL", "ToDo.DAL\ToDo.DAL.csproj", "{9D909FFD-19C8-4E2E-AC5C-0053780DCFE5}"
EndProject
Project("{FAE04EC0-301F-11D3-BF4B-00C04F79EFBC}") = "ToDo.BLL", "ToDo.BLL\ToDo.BLL.csproj", "{FE14AEDE-F068-49B0-8722-48E7F9EFA9C1}"
EndProject
Project("{FAE04EC0-301F-11D3-BF4B-00C04F79EFBC}") = "ToDo.BOL", "ToDo.BOL\ToDo.BOL.csproj", "{0B328CE6-99DE-4597-910E-4929FECF10C1}"
EndProject
Project("{FAE04EC0-301F-11D3-BF4B-00C04F79EFBC}") = "Starter", "Starter\Starter.csproj", "{2EB44D49-56B8-48C0-AA32-01C30C447BB1}"
EndProject
Project("{FAE04EC0-301F-11D3-BF4B-00C04F79EFBC}") = "ToDo.PL.WPF", "ToDo.PL.WPF\ToDo.PL.WPF.csproj", "{1673E90D-EB83-466C-9BFB-99E4F56CD429}"
EndProject
Project("{FAE04EC0-301F-11D3-BF4B-00C04F79EFBC}") = "ToDo.PL.MVC", "ToDo.PL.MVC\ToDo.PL.MVC.csproj", "{FAC40862-D978-4C95-8B81-3426CC4E5F0B}"
	ProjectSection(ProjectDependencies) = postProject
		{FE14AEDE-F068-49B0-8722-48E7F9EFA9C1} = {FE14AEDE-F068-49B0-8722-48E7F9EFA9C1}
		{0B328CE6-99DE-4597-910E-4929FECF10C1} = {0B328CE6-99DE-4597-910E-4929FECF10C1}
	EndProjectSection
EndProject
Global
	GlobalSection(SolutionConfigurationPlatforms) = preSolution
		Debug|Any CPU = Debug|Any CPU
		Release|Any CPU = Release|Any CPU
	EndGlobalSection
	GlobalSection(ProjectConfigurationPlatforms) = postSolution
		{9D909FFD-19C8-4E2E-AC5C-0053780DCFE5}.Debug|Any CPU.ActiveCfg = Debug|Any CPU
		{9D909FFD-19C8-4E2E-AC5C-0053780DCFE5}.Debug|Any CPU.Build.0 = Debug|Any CPU
		{9D909FFD-19C8-4E2E-AC5C-0053780DCFE5}.Release|Any CPU.ActiveCfg = Release|Any CPU
		{9D909FFD-19C8-4E2E-AC5C-0053780DCFE5}.Release|Any CPU.Build.0 = Release|Any CPU
		{FE14AEDE-F068-49B0-8722-48E7F9EFA9C1}.Debug|Any CPU.ActiveCfg = Debug|Any CPU
		{FE14AEDE-F068-49B0-8722-48E7F9EFA9C1}.Debug|Any CPU.Build.0 = Debug|Any CPU
		{FE14AEDE-F068-49B0-8722-48E7F9EFA9C1}.Release|Any CPU.ActiveCfg = Release|Any CPU
		{FE14AEDE-F068-49B0-8722-48E7F9EFA9C1}.Release|Any CPU.Build.0 = Release|Any CPU
		{0B328CE6-99DE-4597-910E-4929FECF10C1}.Debug|Any CPU.ActiveCfg = Debug|Any CPU
		{0B328CE6-99DE-4597-910E-4929FECF10C1}.Debug|Any CPU.Build.0 = Debug|Any CPU
		{0B328CE6-99DE-4597-910E-4929FECF10C1}.Release|Any CPU.ActiveCfg = Release|Any CPU
		{0B328CE6-99DE-4597-910E-4929FECF10C1}.Release|Any CPU.Build.0 = Release|Any CPU
		{2EB44D49-56B8-48C0-AA32-01C30C447BB1}.Debug|Any CPU.ActiveCfg = Debug|Any CPU
		{2EB44D49-56B8-48C0-AA32-01C30C447BB1}.Debug|Any CPU.Build.0 = Debug|Any CPU
		{2EB44D49-56B8-48C0-AA32-01C30C447BB1}.Release|Any CPU.ActiveCfg = Release|Any CPU
		{2EB44D49-56B8-48C0-AA32-01C30C447BB1}.Release|Any CPU.Build.0 = Release|Any CPU
		{1673E90D-EB83-466C-9BFB-99E4F56CD429}.Debug|Any CPU.ActiveCfg = Debug|Any CPU
		{1673E90D-EB83-466C-9BFB-99E4F56CD429}.Debug|Any CPU.Build.0 = Debug|Any CPU
		{1673E90D-EB83-466C-9BFB-99E4F56CD429}.Release|Any CPU.ActiveCfg = Release|Any CPU
		{1673E90D-EB83-466C-9BFB-99E4F56CD429}.Release|Any CPU.Build.0 = Release|Any CPU
		{FAC40862-D978-4C95-8B81-3426CC4E5F0B}.Debug|Any CPU.ActiveCfg = Debug|Any CPU
		{FAC40862-D978-4C95-8B81-3426CC4E5F0B}.Debug|Any CPU.Build.0 = Debug|Any CPU
		{FAC40862-D978-4C95-8B81-3426CC4E5F0B}.Release|Any CPU.ActiveCfg = Release|Any CPU
		{FAC40862-D978-4C95-8B81-3426CC4E5F0B}.Release|Any CPU.Build.0 = Release|Any CPU
	EndGlobalSection
	GlobalSection(SolutionProperties) = preSolution
		HideSolutionNode = FALSE
	EndGlobalSection
EndGlobal
